{
    "name": "@plastic-js/zag",
    "version": "0.1.1",
    "lockfileVersion": 3,
    "requires": true,
    "packages": {
        "": {
            "name": "@plastic-js/zag",
            "version": "0.1.1",
            "license": "MIT",
            "dependencies": {
                "@zag-js/core": "1.40.0",
                "@zag-js/types": "1.40.0",
                "@zag-js/utils": "1.40.0",
                "clsx": "^2.1.1"
            },
            "peerDependencies": {
                "@plastic-js/plastic": "^1.0.11",
                "alien-signals": "^3.0.0"
            }
        },
        "../../jsx": {
            "name": "@plastic-js/plastic",
            "version": "1.0.11",
            "license": "MIT",
            "peer": true,
            "dependencies": {
                "@emotion/css": "^11.13.5",
                "alien-signals": "^3.2.1"
            },
            "devDependencies": {
                "@babel/core": "^7.29.0",
                "@babel/preset-react": "^7.28.5",
                "@plastic-js/babel-preset-plastic": "^0.1.8",
                "@testing-library/jest-dom": "^6.9.1",
                "@vitejs/plugin-react": "^6.0.2",
                "@vitejs/plugin-vue": "^6.0.7",
                "eslint": "^9.39.2",
                "eslint-config-janus": "^9.0.21",
                "eslint-plugin-react": "^7.37.5",
                "jsdom": "^29.1.1",
                "playwright": "^1.60.0",
                "react": "^19.2.6",
                "react-dom": "^19.2.6",
                "solid-js": "^1.9.13",
                "vite": "^8.0.13",
                "vite-plugin-babel": "^1.7.3",
                "vite-plugin-solid": "^2.11.12",
                "vitest": "^4.0.17",
                "vue": "^3.5.34"
            },
            "engines": {
                "node": ">=22"
            }
        },
        "node_modules/@plastic-js/plastic": {
            "resolved": "../../jsx",
            "link": true
        },
        "node_modules/@zag-js/core": {
            "version": "1.40.0",
            "resolved": "https://registry.npmjs.org/@zag-js/core/-/core-1.40.0.tgz",
            "integrity": "sha512-0YcqCh7TmhSonkbKM/7NWolxlaQgvvXgqedocW9oeRYiDJIpBZyRqnHPoGAS2XwbBPkCnrqSosxSF5yBjhZpgw==",
            "license": "MIT",
            "dependencies": {
                "@zag-js/dom-query": "1.40.0",
                "@zag-js/utils": "1.40.0"
            }
        },
        "node_modules/@zag-js/dom-query": {
            "version": "1.40.0",
            "resolved": "https://registry.npmjs.org/@zag-js/dom-query/-/dom-query-1.40.0.tgz",
            "integrity": "sha512-4J3EO2gHpZ1VZiGLuMlH6G1Tsp4gKB8PPt2yKeNQWYGEXyrHUXrvMhRUzv7Z4/2I1s1tnxlFG4F8ovB3kTpz/Q==",
            "license": "MIT",
            "dependencies": {
                "@zag-js/types": "1.40.0"
            }
        },
        "node_modules/@zag-js/types": {
            "version": "1.40.0",
            "resolved": "https://registry.npmjs.org/@zag-js/types/-/types-1.40.0.tgz",
            "integrity": "sha512-LVvxEyqFv/u9SEe5xdivvG2vYb9cCmbkD+5r6s+IGljpDLaRgv4BYyxEh40ri1ai070tL08ZKmoLfx2/xfvY/A==",
            "license": "MIT",
            "dependencies": {
                "csstype": "3.2.3"
            }
        },
        "node_modules/@zag-js/utils": {
            "version": "1.40.0",
            "resolved": "https://registry.npmjs.org/@zag-js/utils/-/utils-1.40.0.tgz",
            "integrity": "sha512-XUpqDtXfHe7CySjOhLPLj9H8rxbiFUJAGgmBzNdpsGPP4wx12cpOXrpSjRXZ2kMwooMPz/P7RPDBteto8sqhAQ==",
            "license": "MIT"
        },
        "node_modules/alien-signals": {
            "version": "3.2.1",
            "resolved": "https://registry.npmjs.org/alien-signals/-/alien-signals-3.2.1.tgz",
            "integrity": "sha512-I8FjmltrfnDFoZedi5CG8DghVYNhzb/Ijluz7tCSJH0xpd0484Kowhbb1XDYOxfJpU1p5wnM2X54dA+IfGyD1g==",
            "license": "MIT",
            "peer": true
        },
        "node_modules/clsx": {
            "version": "2.1.1",
            "resolved": "https://registry.npmjs.org/clsx/-/clsx-2.1.1.tgz",
            "integrity": "sha512-eYm0QWBtUrBWZWG0d386OGAw16Z995PiOVo2B7bjWSbHedGl5e0ZWaq65kOGgUSNesEIDkB9ISbTg/JK9dhCZA==",
            "license": "MIT",
            "engines": {
                "node": ">=6"
            }
        },
        "node_modules/csstype": {
            "version": "3.2.3",
            "resolved": "https://registry.npmjs.org/csstype/-/csstype-3.2.3.tgz",
            "integrity": "sha512-z1HGKcYy2xA8AGQfwrn0PAy+PB7X/GSj3UVJW9qKyn43xWa+gl5nXmU4qqLMRzWVLFC8KusUX8T/0kCiOYpAIQ==",
            "license": "MIT"
        }
    }
}